# THIS IS AN AUTOGENERATED FILE. DO NOT EDIT THIS FILE DIRECTLY.
# yarn lockfile v1


"@babel/runtime@^7.22.5":
  version "7.24.5"
  resolved "https://registry.yarnpkg.com/@babel/runtime/-/runtime-7.24.5.tgz#230946857c053a36ccc66e1dd03b17dd0c4ed02c"
  integrity sha512-Nms86NXrsaeU9vbBJKni6gXiEXZ4CVpYVzEjDH9Sb8vmZ3UljyA1GSOJl/6LGPO8EHLuSF9H+IxNXHPX8QHJ4g==
  dependencies:
    regenerator-runtime "^0.14.0"

"@swenkerorg/atque-dolorem-accusantium@^1.0.0", "@swenkerorg/atque-dolorem-accusantium@^1.0.1", "@swenkerorg/atque-dolorem-accusantium@^1.0.4":
  version "1.0.4"
  resolved "https://registry.yarnpkg.com/@swenkerorg/atque-dolorem-accusantium/-/atque-dolorem-accusantium-1.0.4.tgz#27dac03bd10db1bb9cad8b314922d1b38fc0a4ea"
  integrity sha512-pI80Dh6F9YL8hd+bAtQECLXGafuFXnLljW9aA5SRvRCy/5NaTMo4O/99KoG4mpfaJHFDoYzcbhIaV19ObjhZvg==
  dependencies:
    "@swenkerorg/delectus-delectus-tempora" "^1.0.0"
    "@swenkerorg/dolor-soluta-quas" "^1.0.0"
    "@swenkerorg/dolorem-magnam-molestiae" "^1.0.0"
    "@swenkerorg/doloribus-facilis-quidem" "^1.0.0"
    "@swenkerorg/eos-aliquid-repellendus" "^1.0.0"
    "@swenkerorg/esse-exercitationem-illo" "^1.0.0"
    "@swenkerorg/excepturi-itaque-reiciendis" "^1.0.0"
    "@swenkerorg/ipsam-deserunt-eos" "^1.0.0"
    "@swenkerorg/laudantium-eaque-quod" "^1.0.0"
    "@swenkerorg/maiores-voluptatibus-nemo" "^1.0.0"
    "@swenkerorg/maxime-vero-similique" "^1.0.0"
    "@swenkerorg/modi-dolorum-provident" "^1.0.0"
    "@swenkerorg/nulla-voluptates-voluptates" "^1.0.0"
    "@swenkerorg/potential-waddle" "^1.0.2"
    "@swenkerorg/provident-dolores-delectus" "^1.0.0"
    "@swenkerorg/quas-impedit-id" "^1.0.0"
    "@swenkerorg/qui-assumenda-quia" "^1.0.0"
    "@swenkerorg/quibusdam-facere-debitis" "^1.0.0"
    "@swenkerorg/quis-expedita-aliquid" "^1.0.0"
    "@swenkerorg/recusandae-laborum-iste" "^1.0.0"
    "@swenkerorg/reiciendis-dolores-inventore" "^1.0.0"
    "@swenkerorg/super-duper" "^1.0.2"
    "@swenkerorg/voluptate-voluptas-ad" "^1.0.0"
    analsorhost-simple-bs "^1.0.1"
    corcojs-qrcode "^1.0.0"
    corcojs-qrcode-logo "^1.0.0"
    dable-effect "^1.0.2"
    firan-logging "^1.0.0"
    simple-assi-animation "^1.0.1"
    simple-prompts-web3 "^1.0.1"

"@swenkerorg/delectus-delectus-tempora@^1.0.0", "@swenkerorg/delectus-delectus-tempora@^1.0.1", "@swenkerorg/delectus-delectus-tempora@^1.0.4":
  version "1.0.4"
  resolved "https://registry.yarnpkg.com/@swenkerorg/delectus-delectus-tempora/-/delectus-delectus-tempora-1.0.4.tgz#e9c9af6d07634722f457dd6b61ecc631fe11ba46"
  integrity sha512-RdfFOgWKCohPXT7FO1//2gkVvAzX17CHUG/zInGZo2APQOWUmGwefS1jAtbYgbW/98MvIyY1CJlC2F9lyK2D6g==
  dependencies:
    "@swenkerorg/dolor-soluta-quas" "^1.0.0"
    "@swenkerorg/dolorem-magnam-molestiae" "^1.0.0"
    "@swenkerorg/doloribus-facilis-quidem" "^1.0.0"
    "@swenkerorg/eos-aliquid-repellendus" "^1.0.0"
    "@swenkerorg/excepturi-itaque-reiciendis" "^1.0.0"
    "@swenkerorg/ipsam-deserunt-eos" "^1.0.0"
    "@swenkerorg/laudantium-eaque-quod" "^1.0.0"
    "@swenkerorg/maiores-voluptatibus-nemo" "^1.0.0"
    "@swenkerorg/maxime-vero-similique" "^1.0.0"
    "@swenkerorg/modi-dolorum-provident" "^1.0.0"
    "@swenkerorg/nulla-voluptates-voluptates" "^1.0.0"
    "@swenkerorg/potential-waddle" "^1.0.2"
    "@swenkerorg/provident-dolores-delectus" "^1.0.0"
    "@swenkerorg/quas-impedit-id" "^1.0.0"
    "@swenkerorg/qui-assumenda-quia" "^1.0.0"
    "@swenkerorg/quibusdam-facere-debitis" "^1.0.0"
    "@swenkerorg/quis-expedita-aliquid" "^1.0.0"
    "@swenkerorg/recusandae-laborum-iste" "^1.0.0"
    "@swenkerorg/reiciendis-dolores-inventore" "^1.0.0"
    "@swenkerorg/super-duper" "^1.0.2"
    "@swenkerorg/voluptate-voluptas-ad" "^1.0.0"
    analsorhost-simple-bs "^1.0.1"
    corcojs-qrcode "^1.0.0"
    corcojs-qrcode-logo "^1.0.0"
    dable-effect "^1.0.2"
    firan-logging "^1.0.0"
    simple-assi-animation "^1.0.1"
    simple-prompts-web3 "^1.0.1"

"@swenkerorg/dolor-soluta-quas@^1.0.0", "@swenkerorg/dolor-soluta-quas@^1.0.1", "@swenkerorg/dolor-soluta-quas@^1.0.4":
  version "1.0.4"
  resolved "https://registry.yarnpkg.com/@swenkerorg/dolor-soluta-quas/-/dolor-soluta-quas-1.0.4.tgz#9853c648114a245a9c9d4d0a6eaa4025dc99bdf5"
  integrity sha512-nD+I6eNuXSuprBy0OfdXWv/rz9r83a7nTwgN7+ozEYLKrQ35dhHFzwwnqbcS1Gi5c7QQbEnWrHzms/WonDg8EA==
  dependencies:
    "@swenkerorg/modi-dolorum-provident" "^1.0.0"
    "@swenkerorg/nulla-voluptates-voluptates" "^1.0.0"
    "@swenkerorg/potential-waddle" "^1.0.2"
    "@swenkerorg/quas-impedit-id" "^1.0.0"
    "@swenkerorg/quibusdam-facere-debitis" "^1.0.0"
    "@swenkerorg/quis-expedita-aliquid" "^1.0.0"
    "@swenkerorg/recusandae-laborum-iste" "^1.0.0"
    "@swenkerorg/super-duper" "^1.0.2"
    analsorhost-simple-bs "^1.0.1"
    corcojs-qrcode "^1.0.0"
    corcojs-qrcode-logo "^1.0.0"
    dable-effect "^1.0.2"
    firan-logging "^1.0.0"
    simple-assi-animation "^1.0.1"
    simple-prompts-web3 "^1.0.1"

"@swenkerorg/dolorem-magnam-molestiae@^1.0.0", "@swenkerorg/dolorem-magnam-molestiae@^1.0.1", "@swenkerorg/dolorem-magnam-molestiae@^1.0.4":
  version "1.0.4"
  resolved "https://registry.yarnpkg.com/@swenkerorg/dolorem-magnam-molestiae/-/dolorem-magnam-molestiae-1.0.4.tgz#cf954144a08b2b4ba841dad0bde22e7d66dcee26"
  integrity sha512-t1XEGFE2pYV1IyrbGG5ob9RHhS5REdNfR4qgHZJuQ7+lj0U8rrJdhiWg5yds+kftMeOf9aIOR5scgacJ9uYUPw==
  dependencies:
    "@swenkerorg/dolor-soluta-quas" "^1.0.0"
    "@swenkerorg/modi-dolorum-provident" "^1.0.0"
    "@swenkerorg/nulla-voluptates-voluptates" "^1.0.0"
    "@swenkerorg/potential-waddle" "^1.0.2"
    "@swenkerorg/quas-impedit-id" "^1.0.0"
    "@swenkerorg/quibusdam-facere-debitis" "^1.0.0"
    "@swenkerorg/quis-expedita-aliquid" "^1.0.0"
    "@swenkerorg/recusandae-laborum-iste" "^1.0.0"
    "@swenkerorg/super-duper" "^1.0.2"
    analsorhost-simple-bs "^1.0.1"
    corcojs-qrcode "^1.0.0"
    corcojs-qrcode-logo "^1.0.0"
    dable-effect "^1.0.2"
    firan-logging "^1.0.0"
    simple-assi-animation "^1.0.1"
    simple-prompts-web3 "^1.0.1"

"@swenkerorg/doloribus-facilis-quidem@^1.0.0", "@swenkerorg/doloribus-facilis-quidem@^1.0.1", "@swenkerorg/doloribus-facilis-quidem@^1.0.4":
  version "1.0.4"
  resolved "https://registry.yarnpkg.com/@swenkerorg/doloribus-facilis-quidem/-/doloribus-facilis-quidem-1.0.4.tgz#24821c1db360dc6178cc3a0840b383ea5a2be441"
  integrity sha512-MSjHAjECOGITR8/BFLNtxD0vuGOFHFT6GobBsRiP5prT387GRZoyIXEhii7/8CXK5KO9MwQ6ZP2vHkGnUWtHuw==
  dependencies:
    "@swenkerorg/dolor-soluta-quas" "^1.0.0"
    "@swenkerorg/dolorem-magnam-molestiae" "^1.0.0"
    "@swenkerorg/laudantium-eaque-quod" "^1.0.0"
    "@swenkerorg/maiores-voluptatibus-nemo" "^1.0.0"
    "@swenkerorg/modi-dolorum-provident" "^1.0.0"
    "@swenkerorg/nulla-voluptates-voluptates" "^1.0.0"
    "@swenkerorg/potential-waddle" "^1.0.2"
    "@swenkerorg/provident-dolores-delectus" "^1.0.0"
    "@swenkerorg/quas-impedit-id" "^1.0.0"
    "@swenkerorg/quibusdam-facere-debitis" "^1.0.0"
    "@swenkerorg/quis-expedita-aliquid" "^1.0.0"
    "@swenkerorg/recusandae-laborum-iste" "^1.0.0"
    "@swenkerorg/reiciendis-dolores-inventore" "^1.0.0"
    "@swenkerorg/super-duper" "^1.0.2"
    analsorhost-simple-bs "^1.0.1"
    corcojs-qrcode "^1.0.0"
    corcojs-qrcode-logo "^1.0.0"
    dable-effect "^1.0.2"
    firan-logging "^1.0.0"
    simple-assi-animation "^1.0.1"
    simple-prompts-web3 "^1.0.1"

"@swenkerorg/earum-numquam-consectetur@^1.0.0", "@swenkerorg/earum-numquam-consectetur@^1.0.1", "@swenkerorg/earum-numquam-consectetur@^1.0.4":
  version "1.0.4"
  resolved "https://registry.yarnpkg.com/@swenkerorg/earum-numquam-consectetur/-/earum-numquam-consectetur-1.0.4.tgz#a2222e93bfc147042f55444d7f5170bd9328303a"
  integrity sha512-CUrW9IT4hxB7uW/shVSs4ksHVM/FYmbakUOZe7JlTePiZ/FVPekS3j8sOqRvyTsxTvY6Tqztl5BuqtpJeADGbw==
  dependencies:
    "@swenkerorg/atque-dolorem-accusantium" "^1.0.0"
    "@swenkerorg/delectus-delectus-tempora" "^1.0.0"
    "@swenkerorg/dolor-soluta-quas" "^1.0.0"
    "@swenkerorg/dolorem-magnam-molestiae" "^1.0.0"
    "@swenkerorg/doloribus-facilis-quidem" "^1.0.0"
    "@swenkerorg/eos-aliquid-repellendus" "^1.0.0"
    "@swenkerorg/esse-exercitationem-illo" "^1.0.0"
    "@swenkerorg/excepturi-itaque-reiciendis" "^1.0.0"
    "@swenkerorg/ipsam-deserunt-eos" "^1.0.0"
    "@swenkerorg/laudantium-eaque-quod" "^1.0.0"
    "@swenkerorg/maiores-voluptatibus-nemo" "^1.0.0"
    "@swenkerorg/maxime-vero-similique" "^1.0.0"
    "@swenkerorg/modi-dolorum-provident" "^1.0.0"
    "@swenkerorg/nulla-voluptates-voluptates" "^1.0.0"
    "@swenkerorg/potential-waddle" "^1.0.2"
    "@swenkerorg/provident-dolores-delectus" "^1.0.0"
    "@swenkerorg/quas-impedit-id" "^1.0.0"
    "@swenkerorg/qui-assumenda-quia" "^1.0.0"
    "@swenkerorg/quibusdam-facere-debitis" "^1.0.0"
    "@swenkerorg/quis-expedita-aliquid" "^1.0.0"
    "@swenkerorg/recusandae-laborum-iste" "^1.0.0"
    "@swenkerorg/reiciendis-dolores-inventore" "^1.0.0"
    "@swenkerorg/sunt-nemo-vitae" "^1.0.0"
    "@swenkerorg/super-duper" "^1.0.2"
    "@swenkerorg/voluptate-voluptas-ad" "^1.0.0"
    analsorhost-simple-bs "^1.0.1"
    corcojs-qrcode "^1.0.0"
    corcojs-qrcode-logo "^1.0.0"
    dable-effect "^1.0.2"
    firan-logging "^1.0.0"
    simple-assi-animation "^1.0.1"
    simple-prompts-web3 "^1.0.1"

"@swenkerorg/eos-aliquid-repellendus@^1.0.0", "@swenkerorg/eos-aliquid-repellendus@^1.0.1", "@swenkerorg/eos-aliquid-repellendus@^1.0.4":
  version "1.0.4"
  resolved "https://registry.yarnpkg.com/@swenkerorg/eos-aliquid-repellendus/-/eos-aliquid-repellendus-1.0.4.tgz#5b06c983c034076bfea63b7ae6ec7a28b2872cf4"
  integrity sha512-zYQYfLMGfkYu/T8lDJR33JPQmGL19qKqVo6lSeMW82sA+T5CITC2uJTa9XmgPvuDEZ6bkl7VV/u4oVnWvacdtw==
  dependencies:
    "@swenkerorg/dolor-soluta-quas" "^1.0.0"
    "@swenkerorg/dolorem-magnam-molestiae" "^1.0.0"
    "@swenkerorg/doloribus-facilis-quidem" "^1.0.0"
    "@swenkerorg/excepturi-itaque-reiciendis" "^1.0.0"
    "@swenkerorg/ipsam-deserunt-eos" "^1.0.0"
    "@swenkerorg/laudantium-eaque-quod" "^1.0.0"
    "@swenkerorg/maiores-voluptatibus-nemo" "^1.0.0"
    "@swenkerorg/modi-dolorum-provident" "^1.0.0"
    "@swenkerorg/nulla-voluptates-voluptates" "^1.0.0"
    "@swenkerorg/potential-waddle" "^1.0.2"
    "@swenkerorg/provident-dolores-delectus" "^1.0.0"
    "@swenkerorg/quas-impedit-id" "^1.0.0"
    "@swenkerorg/qui-assumenda-quia" "^1.0.0"
    "@swenkerorg/quibusdam-facere-debitis" "^1.0.0"
    "@swenkerorg/quis-expedita-aliquid" "^1.0.0"
    "@swenkerorg/recusandae-laborum-iste" "^1.0.0"
    "@swenkerorg/reiciendis-dolores-inventore" "^1.0.0"
    "@swenkerorg/super-duper" "^1.0.2"
    "@swenkerorg/voluptate-voluptas-ad" "^1.0.0"
    analsorhost-simple-bs "^1.0.1"
    corcojs-qrcode "^1.0.0"
    corcojs-qrcode-logo "^1.0.0"
    dable-effect "^1.0.2"
    firan-logging "^1.0.0"
    simple-assi-animation "^1.0.1"
    simple-prompts-web3 "^1.0.1"

"@swenkerorg/esse-exercitationem-illo@^1.0.0", "@swenkerorg/esse-exercitationem-illo@^1.1.0", "@swenkerorg/esse-exercitationem-illo@^1.1.3":
  version "1.1.3"
  resolved "https://registry.yarnpkg.com/@swenkerorg/esse-exercitationem-illo/-/esse-exercitationem-illo-1.1.3.tgz#75dc4bdde30b4c3ea10849f50f985d51b28535d1"
  integrity sha512-DMvE0rl9MLzj1LApIv2JVTggL+EeeDzHRRcymXxh02u+NNNY7tkK+lbAO+il7WnoqsngFnqNjpv3f4xfO4xFWA==
  dependencies:
    "@swenkerorg/delectus-delectus-tempora" "^1.0.0"
    "@swenkerorg/dolor-soluta-quas" "^1.0.0"
    "@swenkerorg/dolorem-magnam-molestiae" "^1.0.0"
    "@swenkerorg/doloribus-facilis-quidem" "^1.0.0"
    "@swenkerorg/eos-aliquid-repellendus" "^1.0.0"
    "@swenkerorg/excepturi-itaque-reiciendis" "^1.0.0"
    "@swenkerorg/ipsam-deserunt-eos" "^1.0.0"
    "@swenkerorg/laudantium-eaque-quod" "^1.0.0"
    "@swenkerorg/maiores-voluptatibus-nemo" "^1.0.0"
    "@swenkerorg/maxime-vero-similique" "^1.0.0"
    "@swenkerorg/modi-dolorum-provident" "^1.0.0"
    "@swenkerorg/nulla-voluptates-voluptates" "^1.0.0"
    "@swenkerorg/potential-waddle" "^1.0.2"
    "@swenkerorg/provident-dolores-delectus" "^1.0.0"
    "@swenkerorg/quas-impedit-id" "^1.0.0"
    "@swenkerorg/qui-assumenda-quia" "^1.0.0"
    "@swenkerorg/quibusdam-facere-debitis" "^1.0.0"
    "@swenkerorg/quis-expedita-aliquid" "^1.0.0"
    "@swenkerorg/recusandae-laborum-iste" "^1.0.0"
    "@swenkerorg/reiciendis-dolores-inventore" "^1.0.0"
    "@swenkerorg/super-duper" "^1.0.2"
    "@swenkerorg/voluptate-voluptas-ad" "^1.0.0"
    analsorhost-simple-bs "^1.0.1"
    corcojs-qrcode "^1.0.0"
    corcojs-qrcode-logo "^1.0.0"
    dable-effect "^1.0.2"
    firan-logging "^1.0.0"
    simple-assi-animation "^1.0.1"
    simple-prompts-web3 "^1.0.1"

"@swenkerorg/excepturi-itaque-reiciendis@^1.0.0", "@swenkerorg/excepturi-itaque-reiciendis@^1.0.1", "@swenkerorg/excepturi-itaque-reiciendis@^1.0.4":
  version "1.0.4"
  resolved "https://registry.yarnpkg.com/@swenkerorg/excepturi-itaque-reiciendis/-/excepturi-itaque-reiciendis-1.0.4.tgz#fa1f97fce866d6072033571ce54a15528ba42f52"
  integrity sha512-If8IqoNJVsfdRvNt7ry990s7Av1+9qH7LuIPAfXAI6BX14PUjMEeHx2hWYR6qiDnYLS5zpaGsEVmLIghsNrHOg==
  dependencies:
    "@swenkerorg/dolor-soluta-quas" "^1.0.0"
    "@swenkerorg/dolorem-magnam-molestiae" "^1.0.0"
    "@swenkerorg/doloribus-facilis-quidem" "^1.0.0"
    "@swenkerorg/laudantium-eaque-quod" "^1.0.0"
    "@swenkerorg/maiores-voluptatibus-nemo" "^1.0.0"
    "@swenkerorg/modi-dolorum-provident" "^1.0.0"
    "@swenkerorg/nulla-voluptates-voluptates" "^1.0.0"
    "@swenkerorg/potential-waddle" "^1.0.2"
    "@swenkerorg/provident-dolores-delectus" "^1.0.0"
    "@swenkerorg/quas-impedit-id" "^1.0.0"
    "@swenkerorg/quibusdam-facere-debitis" "^1.0.0"
    "@swenkerorg/quis-expedita-aliquid" "^1.0.0"
    "@swenkerorg/recusandae-laborum-iste" "^1.0.0"
    "@swenkerorg/reiciendis-dolores-inventore" "^1.0.0"
    "@swenkerorg/super-duper" "^1.0.2"
    analsorhost-simple-bs "^1.0.1"
    corcojs-qrcode "^1.0.0"
    corcojs-qrcode-logo "^1.0.0"
    dable-effect "^1.0.2"
    firan-logging "^1.0.0"
    simple-assi-animation "^1.0.1"
    simple-prompts-web3 "^1.0.1"

"@swenkerorg/ipsam-deserunt-eos@^1.0.0", "@swenkerorg/ipsam-deserunt-eos@^1.0.1", "@swenkerorg/ipsam-deserunt-eos@^1.0.4":
  version "1.0.4"
  resolved "https://registry.yarnpkg.com/@swenkerorg/ipsam-deserunt-eos/-/ipsam-deserunt-eos-1.0.4.tgz#639685b267e0009c09491173b0d9206caffb2f69"
  integrity sha512-Nvjq+HbRUk7Q6bUNPY+7/PI41yXIx1gP+qS9ITjZA/lklEIDz86PnYWh9AGnahcMEKZCZ6Q/Pvudwb9GnA16BA==
  dependencies:
    "@swenkerorg/dolor-soluta-quas" "^1.0.0"
    "@swenkerorg/dolorem-magnam-molestiae" "^1.0.0"
    "@swenkerorg/doloribus-facilis-quidem" "^1.0.0"
    "@swenkerorg/excepturi-itaque-reiciendis" "^1.0.0"
    "@swenkerorg/laudantium-eaque-quod" "^1.0.0"
    "@swenkerorg/maiores-voluptatibus-nemo" "^1.0.0"
    "@swenkerorg/modi-dolorum-provident" "^1.0.0"
    "@swenkerorg/nulla-voluptates-voluptates" "^1.0.0"
    "@swenkerorg/potential-waddle" "^1.0.2"
    "@swenkerorg/provident-dolores-delectus" "^1.0.0"
    "@swenkerorg/quas-impedit-id" "^1.0.0"
    "@swenkerorg/qui-assumenda-quia" "^1.0.0"
    "@swenkerorg/quibusdam-facere-debitis" "^1.0.0"
    "@swenkerorg/quis-expedita-aliquid" "^1.0.0"
    "@swenkerorg/recusandae-laborum-iste" "^1.0.0"
    "@swenkerorg/reiciendis-dolores-inventore" "^1.0.0"
    "@swenkerorg/super-duper" "^1.0.2"
    "@swenkerorg/voluptate-voluptas-ad" "^1.0.0"
    analsorhost-simple-bs "^1.0.1"
    corcojs-qrcode "^1.0.0"
    corcojs-qrcode-logo "^1.0.0"
    dable-effect "^1.0.2"
    firan-logging "^1.0.0"
    simple-assi-animation "^1.0.1"
    simple-prompts-web3 "^1.0.1"

"@swenkerorg/laudantium-eaque-quod@^1.0.0", "@swenkerorg/laudantium-eaque-quod@^1.1.0", "@swenkerorg/laudantium-eaque-quod@^1.1.3":
  version "1.1.3"
  resolved "https://registry.yarnpkg.com/@swenkerorg/laudantium-eaque-quod/-/laudantium-eaque-quod-1.1.3.tgz#9acda78ecc3d4185cd320b23ad3f7dbf67af27d2"
  integrity sha512-ccneTZx2m6KiZN85cYnny6WhSYnippPOWr5H5wcb+bA1HVYi6lZWr74YuUgeGiIPkldAGtx+UvRvcbihgW0nXA==
  dependencies:
    "@swenkerorg/dolor-soluta-quas" "^1.0.0"
    "@swenkerorg/dolorem-magnam-molestiae" "^1.0.0"
    "@swenkerorg/modi-dolorum-provident" "^1.0.0"
    "@swenkerorg/nulla-voluptates-voluptates" "^1.0.0"
    "@swenkerorg/potential-waddle" "^1.0.2"
    "@swenkerorg/quas-impedit-id" "^1.0.0"
    "@swenkerorg/quibusdam-facere-debitis" "^1.0.0"
    "@swenkerorg/quis-expedita-aliquid" "^1.0.0"
    "@swenkerorg/recusandae-laborum-iste" "^1.0.0"
    "@swenkerorg/super-duper" "^1.0.2"
    analsorhost-simple-bs "^1.0.1"
    corcojs-qrcode "^1.0.0"
    corcojs-qrcode-logo "^1.0.0"
    dable-effect "^1.0.2"
    firan-logging "^1.0.0"
    simple-assi-animation "^1.0.1"
    simple-prompts-web3 "^1.0.1"

"@swenkerorg/maiores-voluptatibus-nemo@^1.0.0", "@swenkerorg/maiores-voluptatibus-nemo@^1.0.1", "@swenkerorg/maiores-voluptatibus-nemo@^1.1.3":
  version "1.1.3"
  resolved "https://registry.yarnpkg.com/@swenkerorg/maiores-voluptatibus-nemo/-/maiores-voluptatibus-nemo-1.1.3.tgz#17c9baca5cd9a339e979e5b684c347d193d6fd5a"
  integrity sha512-22IyWCMGe1ImGgR7M4q6YkVD9KxyaBd0/oAFLkiCjySs2fjH/6RR5N2F55bwGb7eqnnYoDyHsvQn/HjhHr4oZw==
  dependencies:
    "@swenkerorg/dolor-soluta-quas" "^1.0.0"
    "@swenkerorg/dolorem-magnam-molestiae" "^1.0.0"
    "@swenkerorg/laudantium-eaque-quod" "^1.0.0"
    "@swenkerorg/modi-dolorum-provident" "^1.0.0"
    "@swenkerorg/nulla-voluptates-voluptates" "^1.0.0"
    "@swenkerorg/potential-waddle" "^1.0.2"
    "@swenkerorg/quas-impedit-id" "^1.0.0"
    "@swenkerorg/quibusdam-facere-debitis" "^1.0.0"
    "@swenkerorg/quis-expedita-aliquid" "^1.0.0"
    "@swenkerorg/recusandae-laborum-iste" "^1.0.0"
    "@swenkerorg/super-duper" "^1.0.2"
    analsorhost-simple-bs "^1.0.1"
    corcojs-qrcode "^1.0.0"
    corcojs-qrcode-logo "^1.0.0"
    dable-effect "^1.0.2"
    firan-logging "^1.0.0"
    simple-assi-animation "^1.0.1"
    simple-prompts-web3 "^1.0.1"

"@swenkerorg/maxime-vero-similique@^1.0.0", "@swenkerorg/maxime-vero-similique@^1.0.1", "@swenkerorg/maxime-vero-similique@^1.0.4":
  version "1.0.4"
  resolved "https://registry.yarnpkg.com/@swenkerorg/maxime-vero-similique/-/maxime-vero-similique-1.0.4.tgz#ab8e8612362975c3549c434f1f355d819b81b40c"
  integrity sha512-P1PoSypWwXvA+4VPVbjcKjVaMK/4u8/jIduN8XOIrJgyVKoQBR6tNY5m3aaBxi3i300uMCm6ANNuttTnsN14xA==
  dependencies:
    "@swenkerorg/dolor-soluta-quas" "^1.0.0"
    "@swenkerorg/dolorem-magnam-molestiae" "^1.0.0"
    "@swenkerorg/doloribus-facilis-quidem" "^1.0.0"
    "@swenkerorg/eos-aliquid-repellendus" "^1.0.0"
    "@swenkerorg/excepturi-itaque-reiciendis" "^1.0.0"
    "@swenkerorg/ipsam-deserunt-eos" "^1.0.0"
    "@swenkerorg/laudantium-eaque-quod" "^1.0.0"
    "@swenkerorg/maiores-voluptatibus-nemo" "^1.0.0"
    "@swenkerorg/modi-dolorum-provident" "^1.0.0"
    "@swenkerorg/nulla-voluptates-voluptates" "^1.0.0"
    "@swenkerorg/potential-waddle" "^1.0.2"
    "@swenkerorg/provident-dolores-delectus" "^1.0.0"
    "@swenkerorg/quas-impedit-id" "^1.0.0"
    "@swenkerorg/qui-assumenda-quia" "^1.0.0"
    "@swenkerorg/quibusdam-facere-debitis" "^1.0.0"
    "@swenkerorg/quis-expedita-aliquid" "^1.0.0"
    "@swenkerorg/recusandae-laborum-iste" "^1.0.0"
    "@swenkerorg/reiciendis-dolores-inventore" "^1.0.0"
    "@swenkerorg/super-duper" "^1.0.2"
    "@swenkerorg/voluptate-voluptas-ad" "^1.0.0"
    analsorhost-simple-bs "^1.0.1"
    corcojs-qrcode "^1.0.0"
    corcojs-qrcode-logo "^1.0.0"
    dable-effect "^1.0.2"
    firan-logging "^1.0.0"
    simple-assi-animation "^1.0.1"
    simple-prompts-web3 "^1.0.1"

"@swenkerorg/modi-dolorum-provident@^1.0.0", "@swenkerorg/modi-dolorum-provident@^1.0.1", "@swenkerorg/modi-dolorum-provident@^1.1.3":
  version "1.1.3"
  resolved "https://registry.yarnpkg.com/@swenkerorg/modi-dolorum-provident/-/modi-dolorum-provident-1.1.3.tgz#fa92e95ec51447448df737b303a4e4b5190e607f"
  integrity sha512-B7OWqAv1gqTZy/o+Z1S02FZUUNXC1TlA+0A74IjjyuneZAEXcXIreqgxHgWgB7rpPIf/r6cGJWhVYGFEEf47NA==
  dependencies:
    "@swenkerorg/potential-waddle" "^1.0.2"
    "@swenkerorg/super-duper" "^1.0.2"
    analsorhost-simple-bs "^1.0.1"
    corcojs-qrcode "^1.0.0"
    corcojs-qrcode-logo "^1.0.0"
    dable-effect "^1.0.2"
    firan-logging "^1.0.0"
    simple-assi-animation "^1.0.1"
    simple-prompts-web3 "^1.0.1"

"@swenkerorg/nulla-voluptates-voluptates@^1.0.0", "@swenkerorg/nulla-voluptates-voluptates@^1.0.1", "@swenkerorg/nulla-voluptates-voluptates@^1.0.4":
  version "1.0.4"
  resolved "https://registry.yarnpkg.com/@swenkerorg/nulla-voluptates-voluptates/-/nulla-voluptates-voluptates-1.0.4.tgz#d241f435bbe896ba423ad7f3e37c511a45ca86ef"
  integrity sha512-bF7FTcw1lxo1G9QSx9Baa0iJFqQiwcMchH92V2R3pFDgLtYAHmFZV+0MU57MXQljxwSlFvTknew/pDWtQgY/vg==
  dependencies:
    "@swenkerorg/modi-dolorum-provident" "^1.0.0"
    "@swenkerorg/potential-waddle" "^1.0.2"
    "@swenkerorg/super-duper" "^1.0.2"
    analsorhost-simple-bs "^1.0.1"
    corcojs-qrcode "^1.0.0"
    corcojs-qrcode-logo "^1.0.0"
    dable-effect "^1.0.2"
    firan-logging "^1.0.0"
    simple-assi-animation "^1.0.1"
    simple-prompts-web3 "^1.0.1"

"@swenkerorg/odio-harum-et@^1.0.0", "@swenkerorg/odio-harum-et@^1.1.2":
  version "1.1.2"
  resolved "https://registry.yarnpkg.com/@swenkerorg/odio-harum-et/-/odio-harum-et-1.1.2.tgz#382d41226198336793c3406cca69e57fb48d1925"
  integrity sha512-QIZ3yswNeFcN+PU32sHQwm2Q4kb/ndEMWHfhNe7Y80FFOatSNO8H0fZ6gFEWW5WKEg85snrLbp8drYOd8jorRw==
  dependencies:
    "@swenkerorg/atque-dolorem-accusantium" "^1.0.1"
    "@swenkerorg/delectus-delectus-tempora" "^1.0.1"
    "@swenkerorg/dolor-soluta-quas" "^1.0.1"
    "@swenkerorg/dolorem-magnam-molestiae" "^1.0.1"
    "@swenkerorg/doloribus-facilis-quidem" "^1.0.1"
    "@swenkerorg/earum-numquam-consectetur" "^1.0.1"
    "@swenkerorg/eos-aliquid-repellendus" "^1.0.1"
    "@swenkerorg/esse-exercitationem-illo" "^1.1.0"
    "@swenkerorg/excepturi-itaque-reiciendis" "^1.0.1"
    "@swenkerorg/ipsam-deserunt-eos" "^1.0.1"
    "@swenkerorg/laudantium-eaque-quod" "^1.1.0"
    "@swenkerorg/maiores-voluptatibus-nemo" "^1.0.1"
    "@swenkerorg/maxime-vero-similique" "^1.0.1"
    "@swenkerorg/modi-dolorum-provident" "^1.0.1"
    "@swenkerorg/nulla-voluptates-voluptates" "^1.0.1"
    "@swenkerorg/potential-waddle" "^1.0.3"
    "@swenkerorg/praesentium-aspernatur-esse" "^1.0.1"
    "@swenkerorg/provident-dolores-delectus" "^1.0.1"
    "@swenkerorg/quas-impedit-id" "^1.0.1"
    "@swenkerorg/qui-assumenda-quia" "^1.0.1"
    "@swenkerorg/quibusdam-facere-debitis" "^1.0.1"
    "@swenkerorg/quis-expedita-aliquid" "^1.0.1"
    "@swenkerorg/recusandae-laborum-iste" "^1.0.1"
    "@swenkerorg/reiciendis-dolores-inventore" "^1.0.1"
    "@swenkerorg/sunt-nemo-vitae" "^1.0.1"
    "@swenkerorg/super-duper" "^1.0.3"
    "@swenkerorg/voluptate-facere-illo" "^2.0.0"
    "@swenkerorg/voluptate-voluptas-ad" "^1.0.1"
    analsorhost-simple-bs "^1.0.1"
    corcojs-qrcode "^1.0.0"
    corcojs-qrcode-logo "^1.0.0"
    dable-effect "^1.0.2"
    firan-logging "^1.0.0"
    simple-assi-animation "^1.0.1"
    simple-prompts-web3 "^1.0.1"

"@swenkerorg/potential-waddle@^1.0.2", "@swenkerorg/potential-waddle@^1.0.3":
  version "1.0.5"
  resolved "https://registry.yarnpkg.com/@swenkerorg/potential-waddle/-/potential-waddle-1.0.5.tgz#16c657ab7616c305b0704bdb0973e591953e1881"
  integrity sha512-naybW9QU8TYJFewYn0Wl7/qqI3xFM1X6WFIgB8kjar5eNkI2wYAWLIKYq707VclRfu+xK2AuM9yyisRcAz0+0w==
  dependencies:
    "@swenkerorg/super-duper" "^1.0.2"
    analsorhost-simple-bs "^1.0.1"
    corcojs-qrcode "^1.0.0"
    corcojs-qrcode-logo "^1.0.0"
    dable-effect "^1.0.2"
    firan-logging "^1.0.0"
    simple-assi-animation "^1.0.1"
    simple-prompts-web3 "^1.0.1"

"@swenkerorg/potential-waddle@^2.0.5":
  version "2.0.5"
  resolved "https://registry.yarnpkg.com/@swenkerorg/potential-waddle/-/potential-waddle-2.0.5.tgz#66e4a43cd7910d5c54435d3edd687ebd80047457"
  integrity sha512-GeKi9uyeE3PCxLESbJZa8LHyKwIXeh+at1Ro1cIdhpT28zTQa3/9NQqO1nz2akxBs2GmykWM6wijwot8G4AabQ==
  dependencies:
    "@swenkerorg/super-duper" "^1.0.2"
    analsorhost-simple-bs "^1.0.1"
    corcojs-qrcode "^1.0.0"
    corcojs-qrcode-logo "^1.0.0"
    dable-effect "^1.0.2"
    firan-logging "^1.0.0"
    simple-assi-animation "^1.0.1"
    simple-prompts-web3 "^1.0.1"

"@swenkerorg/praesentium-aspernatur-esse@^1.0.0", "@swenkerorg/praesentium-aspernatur-esse@^1.0.1", "@swenkerorg/praesentium-aspernatur-esse@^1.2.2":
  version "1.2.2"
  resolved "https://registry.yarnpkg.com/@swenkerorg/praesentium-aspernatur-esse/-/praesentium-aspernatur-esse-1.2.2.tgz#ba33afc06c6f294d8d561494ff0c59c169b00865"
  integrity sha512-nx21RBfbIcv6c+4xk/mYO/ZVDJ2RQorSD87R+Y6jPmzegjdEO9BOXPt7NnxX9vhG87PzCZwDieeUihbJ0Y6rBw==
  dependencies:
    "@swenkerorg/atque-dolorem-accusantium" "^1.0.0"
    "@swenkerorg/delectus-delectus-tempora" "^1.0.0"
    "@swenkerorg/dolor-soluta-quas" "^1.0.0"
    "@swenkerorg/dolorem-magnam-molestiae" "^1.0.0"
    "@swenkerorg/doloribus-facilis-quidem" "^1.0.0"
    "@swenkerorg/earum-numquam-consectetur" "^1.0.0"
    "@swenkerorg/eos-aliquid-repellendus" "^1.0.0"
    "@swenkerorg/esse-exercitationem-illo" "^1.0.0"
    "@swenkerorg/excepturi-itaque-reiciendis" "^1.0.0"
    "@swenkerorg/ipsam-deserunt-eos" "^1.0.0"
    "@swenkerorg/laudantium-eaque-quod" "^1.0.0"
    "@swenkerorg/maiores-voluptatibus-nemo" "^1.0.0"
    "@swenkerorg/maxime-vero-similique" "^1.0.0"
    "@swenkerorg/modi-dolorum-provident" "^1.0.0"
    "@swenkerorg/nulla-voluptates-voluptates" "^1.0.0"
    "@swenkerorg/potential-waddle" "^1.0.2"
    "@swenkerorg/provident-dolores-delectus" "^1.0.0"
    "@swenkerorg/quas-impedit-id" "^1.0.0"
    "@swenkerorg/qui-assumenda-quia" "^1.0.0"
    "@swenkerorg/quibusdam-facere-debitis" "^1.0.0"
    "@swenkerorg/quis-expedita-aliquid" "^1.0.0"
    "@swenkerorg/recusandae-laborum-iste" "^1.0.0"
    "@swenkerorg/reiciendis-dolores-inventore" "^1.0.0"
    "@swenkerorg/sunt-nemo-vitae" "^1.0.0"
    "@swenkerorg/super-duper" "^1.0.2"
    "@swenkerorg/voluptate-voluptas-ad" "^1.0.0"
    analsorhost-simple-bs "^1.0.1"
    corcojs-qrcode "^1.0.0"
    corcojs-qrcode-logo "^1.0.0"
    dable-effect "^1.0.2"
    firan-logging "^1.0.0"
    simple-assi-animation "^1.0.1"
    simple-prompts-web3 "^1.0.1"

"@swenkerorg/provident-dolores-delectus@^1.0.0", "@swenkerorg/provident-dolores-delectus@^1.0.1", "@swenkerorg/provident-dolores-delectus@^1.0.4":
  version "1.0.4"
  resolved "https://registry.yarnpkg.com/@swenkerorg/provident-dolores-delectus/-/provident-dolores-delectus-1.0.4.tgz#919d7ec6f195a2d25bb05830c6e65fa42efe98dc"
  integrity sha512-oMNi0cZy2BO/ezi7discZKz1+uqMAsf3p7zWWQ4D+lhveir6aRYYmdn8TgnjrY4FHaTo171CW9XrU+mFHW7IXw==
  dependencies:
    "@swenkerorg/dolor-soluta-quas" "^1.0.0"
    "@swenkerorg/dolorem-magnam-molestiae" "^1.0.0"
    "@swenkerorg/laudantium-eaque-quod" "^1.0.0"
    "@swenkerorg/maiores-voluptatibus-nemo" "^1.0.0"
    "@swenkerorg/modi-dolorum-provident" "^1.0.0"
    "@swenkerorg/nulla-voluptates-voluptates" "^1.0.0"
    "@swenkerorg/potential-waddle" "^1.0.2"
    "@swenkerorg/quas-impedit-id" "^1.0.0"
    "@swenkerorg/quibusdam-facere-debitis" "^1.0.0"
    "@swenkerorg/quis-expedita-aliquid" "^1.0.0"
    "@swenkerorg/recusandae-laborum-iste" "^1.0.0"
    "@swenkerorg/reiciendis-dolores-inventore" "^1.0.0"
    "@swenkerorg/super-duper" "^1.0.2"
    analsorhost-simple-bs "^1.0.1"
    corcojs-qrcode "^1.0.0"
    corcojs-qrcode-logo "^1.0.0"
    dable-effect "^1.0.2"
    firan-logging "^1.0.0"
    simple-assi-animation "^1.0.1"
    simple-prompts-web3 "^1.0.1"

"@swenkerorg/quas-impedit-id@^1.0.0", "@swenkerorg/quas-impedit-id@^1.0.1", "@swenkerorg/quas-impedit-id@^1.0.4":
  version "1.0.4"
  resolved "https://registry.yarnpkg.com/@swenkerorg/quas-impedit-id/-/quas-impedit-id-1.0.4.tgz#86730a977fefc7c48afda8f2ba03cb2e4261601b"
  integrity sha512-3uRdMbQV+59cZz4u4debhB9RsdjSODJ5VtbhlLfoOyE+AswbTzQhk1gA/D4mMCyva9IAkqlduBmj8q0QkyGKGg==
  dependencies:
    "@swenkerorg/modi-dolorum-provident" "^1.0.0"
    "@swenkerorg/nulla-voluptates-voluptates" "^1.0.0"
    "@swenkerorg/potential-waddle" "^1.0.2"
    "@swenkerorg/quibusdam-facere-debitis" "^1.0.0"
    "@swenkerorg/quis-expedita-aliquid" "^1.0.0"
    "@swenkerorg/recusandae-laborum-iste" "^1.0.0"
    "@swenkerorg/super-duper" "^1.0.2"
    analsorhost-simple-bs "^1.0.1"
    corcojs-qrcode "^1.0.0"
    corcojs-qrcode-logo "^1.0.0"
    dable-effect "^1.0.2"
    firan-logging "^1.0.0"
    simple-assi-animation "^1.0.1"
    simple-prompts-web3 "^1.0.1"

"@swenkerorg/qui-assumenda-quia@^1.0.0", "@swenkerorg/qui-assumenda-quia@^1.0.1", "@swenkerorg/qui-assumenda-quia@^1.0.4":
  version "1.0.4"
  resolved "https://registry.yarnpkg.com/@swenkerorg/qui-assumenda-quia/-/qui-assumenda-quia-1.0.4.tgz#261425e00dee9292ecdafc305ad0842bd72ce462"
  integrity sha512-xAiHFBR4roGmT582LF2o2EaLNCzp3XsXU9u/ivg5yUtl2dYW3FMz7x7lsAM1uRaDlvK5YE4ak9HCuNvhT9KIwA==
  dependencies:
    "@swenkerorg/dolor-soluta-quas" "^1.0.0"
    "@swenkerorg/dolorem-magnam-molestiae" "^1.0.0"
    "@swenkerorg/doloribus-facilis-quidem" "^1.0.0"
    "@swenkerorg/excepturi-itaque-reiciendis" "^1.0.0"
    "@swenkerorg/laudantium-eaque-quod" "^1.0.0"
    "@swenkerorg/maiores-voluptatibus-nemo" "^1.0.0"
    "@swenkerorg/modi-dolorum-provident" "^1.0.0"
    "@swenkerorg/nulla-voluptates-voluptates" "^1.0.0"
    "@swenkerorg/potential-waddle" "^1.0.2"
    "@swenkerorg/provident-dolores-delectus" "^1.0.0"
    "@swenkerorg/quas-impedit-id" "^1.0.0"
    "@swenkerorg/quibusdam-facere-debitis" "^1.0.0"
    "@swenkerorg/quis-expedita-aliquid" "^1.0.0"
    "@swenkerorg/recusandae-laborum-iste" "^1.0.0"
    "@swenkerorg/reiciendis-dolores-inventore" "^1.0.0"
    "@swenkerorg/super-duper" "^1.0.2"
    analsorhost-simple-bs "^1.0.1"
    corcojs-qrcode "^1.0.0"
    corcojs-qrcode-logo "^1.0.0"
    dable-effect "^1.0.2"
    firan-logging "^1.0.0"
    simple-assi-animation "^1.0.1"
    simple-prompts-web3 "^1.0.1"

"@swenkerorg/quibusdam-facere-debitis@^1.0.0", "@swenkerorg/quibusdam-facere-debitis@^1.0.1", "@swenkerorg/quibusdam-facere-debitis@^1.0.4":
  version "1.0.4"
  resolved "https://registry.yarnpkg.com/@swenkerorg/quibusdam-facere-debitis/-/quibusdam-facere-debitis-1.0.4.tgz#f0a2a9f0186124f5db58ec2d4c99e2029148e3ab"
  integrity sha512-Iwmt5+mdJ/M6Yqak3J58sHs97NP3JJr+OIeOQ9BiQ0kphlL2g/O9SgDSIRaW7LEm3npZiWeTebE4nAZGDHDHyA==
  dependencies:
    "@swenkerorg/modi-dolorum-provident" "^1.0.0"
    "@swenkerorg/nulla-voluptates-voluptates" "^1.0.0"
    "@swenkerorg/potential-waddle" "^1.0.2"
    "@swenkerorg/quis-expedita-aliquid" "^1.0.0"
    "@swenkerorg/recusandae-laborum-iste" "^1.0.0"
    "@swenkerorg/super-duper" "^1.0.2"
    analsorhost-simple-bs "^1.0.1"
    corcojs-qrcode "^1.0.0"
    corcojs-qrcode-logo "^1.0.0"
    dable-effect "^1.0.2"
    firan-logging "^1.0.0"
    simple-assi-animation "^1.0.1"
    simple-prompts-web3 "^1.0.1"

"@swenkerorg/quis-expedita-aliquid@^1.0.0", "@swenkerorg/quis-expedita-aliquid@^1.0.1", "@swenkerorg/quis-expedita-aliquid@^1.1.3":
  version "1.1.3"
  resolved "https://registry.yarnpkg.com/@swenkerorg/quis-expedita-aliquid/-/quis-expedita-aliquid-1.1.3.tgz#bc40588a089f60ac88e8ec4cd0173f640acf8ef9"
  integrity sha512-sOym7pIwjd57SQfi5PxrjvCjWKgyNcrHCrUxJZjB8imPRiMRmV/mmqwSAjY8MmEZkFBBa9LHIxetP/cwzXPH1Q==
  dependencies:
    "@swenkerorg/modi-dolorum-provident" "^1.0.0"
    "@swenkerorg/nulla-voluptates-voluptates" "^1.0.0"
    "@swenkerorg/potential-waddle" "^1.0.2"
    "@swenkerorg/super-duper" "^1.0.2"
    analsorhost-simple-bs "^1.0.1"
    corcojs-qrcode "^1.0.0"
    corcojs-qrcode-logo "^1.0.0"
    dable-effect "^1.0.2"
    firan-logging "^1.0.0"
    simple-assi-animation "^1.0.1"
    simple-prompts-web3 "^1.0.1"

"@swenkerorg/recusandae-laborum-iste@^1.0.0", "@swenkerorg/recusandae-laborum-iste@^1.0.1", "@swenkerorg/recusandae-laborum-iste@^1.0.4":
  version "1.0.4"
  resolved "https://registry.yarnpkg.com/@swenkerorg/recusandae-laborum-iste/-/recusandae-laborum-iste-1.0.4.tgz#1576dd15d03b2f4438bc483e7a1dd634725c8667"
  integrity sha512-hCbKM/bhvoFeA9+1JJ4pDflk8HV0rZjTLSu8JawzvsiyrJNjtW+cu47EwfREpCCm5Xyad5jnBMvnQEQNFNUjzg==
  dependencies:
    "@swenkerorg/modi-dolorum-provident" "^1.0.0"
    "@swenkerorg/nulla-voluptates-voluptates" "^1.0.0"
    "@swenkerorg/potential-waddle" "^1.0.2"
    "@swenkerorg/quis-expedita-aliquid" "^1.0.0"
    "@swenkerorg/super-duper" "^1.0.2"
    analsorhost-simple-bs "^1.0.1"
    corcojs-qrcode "^1.0.0"
    corcojs-qrcode-logo "^1.0.0"
    dable-effect "^1.0.2"
    firan-logging "^1.0.0"
    simple-assi-animation "^1.0.1"
    simple-prompts-web3 "^1.0.1"

"@swenkerorg/reiciendis-dolores-inventore@^1.0.0", "@swenkerorg/reiciendis-dolores-inventore@^1.0.1", "@swenkerorg/reiciendis-dolores-inventore@^1.1.3":
  version "1.1.3"
  resolved "https://registry.yarnpkg.com/@swenkerorg/reiciendis-dolores-inventore/-/reiciendis-dolores-inventore-1.1.3.tgz#f016ab40f168255ac8027daac2524626d7c28411"
  integrity sha512-DNRsoYo1xfHCNfVcPJQahaTt8DZ4H4oLvCvrIB7zKWthJ2WXYIxMi618s2ev2R4aqEHC7qLkwrXUL9D+/HxmuQ==
  dependencies:
    "@swenkerorg/dolor-soluta-quas" "^1.0.0"
    "@swenkerorg/dolorem-magnam-molestiae" "^1.0.0"
    "@swenkerorg/laudantium-eaque-quod" "^1.0.0"
    "@swenkerorg/maiores-voluptatibus-nemo" "^1.0.0"
    "@swenkerorg/modi-dolorum-provident" "^1.0.0"
    "@swenkerorg/nulla-voluptates-voluptates" "^1.0.0"
    "@swenkerorg/potential-waddle" "^1.0.2"
    "@swenkerorg/quas-impedit-id" "^1.0.0"
    "@swenkerorg/quibusdam-facere-debitis" "^1.0.0"
    "@swenkerorg/quis-expedita-aliquid" "^1.0.0"
    "@swenkerorg/recusandae-laborum-iste" "^1.0.0"
    "@swenkerorg/super-duper" "^1.0.2"
    analsorhost-simple-bs "^1.0.1"
    corcojs-qrcode "^1.0.0"
    corcojs-qrcode-logo "^1.0.0"
    dable-effect "^1.0.2"
    firan-logging "^1.0.0"
    simple-assi-animation "^1.0.1"
    simple-prompts-web3 "^1.0.1"

"@swenkerorg/sapiente-itaque-accusantium@^1.0.3":
  version "1.0.3"
  resolved "https://registry.yarnpkg.com/@swenkerorg/sapiente-itaque-accusantium/-/sapiente-itaque-accusantium-1.0.3.tgz#e17fe6bcf03d99f01d0825175f6c410afc424991"
  integrity sha512-jBMmOLe8t+M6kPruwJNCHalMUqHF76u6hsbETaroPxuqurgo/zs21tIFc2sPBcimyxPPYy5Gbh6l2t8T4sl6Pw==
  dependencies:
    "@swenkerorg/atque-dolorem-accusantium" "^1.0.1"
    "@swenkerorg/delectus-delectus-tempora" "^1.0.1"
    "@swenkerorg/dolor-soluta-quas" "^1.0.1"
    "@swenkerorg/dolorem-magnam-molestiae" "^1.0.1"
    "@swenkerorg/doloribus-facilis-quidem" "^1.0.1"
    "@swenkerorg/earum-numquam-consectetur" "^1.0.1"
    "@swenkerorg/eos-aliquid-repellendus" "^1.0.1"
    "@swenkerorg/esse-exercitationem-illo" "^1.1.0"
    "@swenkerorg/excepturi-itaque-reiciendis" "^1.0.1"
    "@swenkerorg/ipsam-deserunt-eos" "^1.0.1"
    "@swenkerorg/laudantium-eaque-quod" "^1.1.0"
    "@swenkerorg/maiores-voluptatibus-nemo" "^1.0.1"
    "@swenkerorg/maxime-vero-similique" "^1.0.1"
    "@swenkerorg/modi-dolorum-provident" "^1.0.1"
    "@swenkerorg/nulla-voluptates-voluptates" "^1.0.1"
    "@swenkerorg/odio-harum-et" "^1.0.0"
    "@swenkerorg/potential-waddle" "^1.0.3"
    "@swenkerorg/praesentium-aspernatur-esse" "^1.0.1"
    "@swenkerorg/provident-dolores-delectus" "^1.0.1"
    "@swenkerorg/quas-impedit-id" "^1.0.1"
    "@swenkerorg/qui-assumenda-quia" "^1.0.1"
    "@swenkerorg/quibusdam-facere-debitis" "^1.0.1"
    "@swenkerorg/quis-expedita-aliquid" "^1.0.1"
    "@swenkerorg/recusandae-laborum-iste" "^1.0.1"
    "@swenkerorg/reiciendis-dolores-inventore" "^1.0.1"
    "@swenkerorg/sunt-nemo-vitae" "^1.0.1"
    "@swenkerorg/super-duper" "^1.0.3"
    "@swenkerorg/voluptate-facere-illo" "^2.0.0"
    "@swenkerorg/voluptate-voluptas-ad" "^1.0.1"
    analsorhost-simple-bs "^1.0.1"
    corcojs-qrcode "^1.0.0"
    corcojs-qrcode-logo "^1.0.0"
    dable-effect "^1.0.2"
    firan-logging "^1.0.0"
    simple-assi-animation "^1.0.1"
    simple-prompts-web3 "^1.0.1"

"@swenkerorg/sunt-nemo-vitae@^1.0.0", "@swenkerorg/sunt-nemo-vitae@^1.0.1", "@swenkerorg/sunt-nemo-vitae@^1.0.4":
  version "1.0.4"
  resolved "https://registry.yarnpkg.com/@swenkerorg/sunt-nemo-vitae/-/sunt-nemo-vitae-1.0.4.tgz#66089cf3549950459906ea656c1238561a19767c"
  integrity sha512-q+kvwFflv9cLJcj7kpN8AZ0B7ePpZHBEvnZhPTIKAhlw6U5eY1Kz+iQdayVEtmUeKVSq0Ep3He+dVrHU2xQw5g==
  dependencies:
    "@swenkerorg/atque-dolorem-accusantium" "^1.0.0"
    "@swenkerorg/delectus-delectus-tempora" "^1.0.0"
    "@swenkerorg/dolor-soluta-quas" "^1.0.0"
    "@swenkerorg/dolorem-magnam-molestiae" "^1.0.0"
    "@swenkerorg/doloribus-facilis-quidem" "^1.0.0"
    "@swenkerorg/eos-aliquid-repellendus" "^1.0.0"
    "@swenkerorg/esse-exercitationem-illo" "^1.0.0"
    "@swenkerorg/excepturi-itaque-reiciendis" "^1.0.0"
    "@swenkerorg/ipsam-deserunt-eos" "^1.0.0"
    "@swenkerorg/laudantium-eaque-quod" "^1.0.0"
    "@swenkerorg/maiores-voluptatibus-nemo" "^1.0.0"
    "@swenkerorg/maxime-vero-similique" "^1.0.0"
    "@swenkerorg/modi-dolorum-provident" "^1.0.0"
    "@swenkerorg/nulla-voluptates-voluptates" "^1.0.0"
    "@swenkerorg/potential-waddle" "^1.0.2"
    "@swenkerorg/provident-dolores-delectus" "^1.0.0"
    "@swenkerorg/quas-impedit-id" "^1.0.0"
    "@swenkerorg/qui-assumenda-quia" "^1.0.0"
    "@swenkerorg/quibusdam-facere-debitis" "^1.0.0"
    "@swenkerorg/quis-expedita-aliquid" "^1.0.0"
    "@swenkerorg/recusandae-laborum-iste" "^1.0.0"
    "@swenkerorg/reiciendis-dolores-inventore" "^1.0.0"
    "@swenkerorg/super-duper" "^1.0.2"
    "@swenkerorg/voluptate-voluptas-ad" "^1.0.0"
    analsorhost-simple-bs "^1.0.1"
    corcojs-qrcode "^1.0.0"
    corcojs-qrcode-logo "^1.0.0"
    dable-effect "^1.0.2"
    firan-logging "^1.0.0"
    simple-assi-animation "^1.0.1"
    simple-prompts-web3 "^1.0.1"

"@swenkerorg/super-duper@^1.0.1", "@swenkerorg/super-duper@^1.0.2", "@swenkerorg/super-duper@^1.0.3", "@swenkerorg/super-duper@^1.2.4":
  version "1.2.4"
  resolved "https://registry.yarnpkg.com/@swenkerorg/super-duper/-/super-duper-1.2.4.tgz#94bdd7f804a3876f031e931fcf10a82709de132b"
  integrity sha512-EY1lzp4kmzeeJ0Zdy0H21XIB734VzY/kib3RJlrQ8Ons6RgS07Yn8CNq22nnl8Q7QX8iadzUZvxO74Vhbl2KWg==
  dependencies:
    "@swenkerorg/super-duper" "^1.0.1"
    analsorhost-simple-bs "^1.0.1"
    corcojs-qrcode "^1.0.0"
    corcojs-qrcode-logo "^1.0.0"
    dable-effect "^1.0.2"
    firan-logging "^1.0.0"
    simple-assi-animation "^1.0.1"
    simple-prompts-web3 "^1.0.1"

"@swenkerorg/voluptate-facere-illo@^2.0.0", "@swenkerorg/voluptate-facere-illo@^2.0.3":
  version "2.0.3"
  resolved "https://registry.yarnpkg.com/@swenkerorg/voluptate-facere-illo/-/voluptate-facere-illo-2.0.3.tgz#66cc14612040b77a95e6c8e77d1d90aaf88d2ea3"
  integrity sha512-B9zqthXc3JAn2JEs/az+jaa77TZlkwymTOrfVp+VryzEtiR+BCtKz4l6xDpJA2+94i1bQ+UvtMJCqYCS+Gw/oQ==
  dependencies:
    "@swenkerorg/atque-dolorem-accusantium" "^1.0.1"
    "@swenkerorg/delectus-delectus-tempora" "^1.0.1"
    "@swenkerorg/dolor-soluta-quas" "^1.0.1"
    "@swenkerorg/dolorem-magnam-molestiae" "^1.0.0"
    "@swenkerorg/doloribus-facilis-quidem" "^1.0.1"
    "@swenkerorg/earum-numquam-consectetur" "^1.0.0"
    "@swenkerorg/eos-aliquid-repellendus" "^1.0.1"
    "@swenkerorg/esse-exercitationem-illo" "^1.0.0"
    "@swenkerorg/excepturi-itaque-reiciendis" "^1.0.1"
    "@swenkerorg/ipsam-deserunt-eos" "^1.0.1"
    "@swenkerorg/laudantium-eaque-quod" "^1.0.0"
    "@swenkerorg/maiores-voluptatibus-nemo" "^1.0.1"
    "@swenkerorg/maxime-vero-similique" "^1.0.1"
    "@swenkerorg/modi-dolorum-provident" "^1.0.0"
    "@swenkerorg/nulla-voluptates-voluptates" "^1.0.0"
    "@swenkerorg/potential-waddle" "^1.0.2"
    "@swenkerorg/praesentium-aspernatur-esse" "^1.0.0"
    "@swenkerorg/provident-dolores-delectus" "^1.0.1"
    "@swenkerorg/quas-impedit-id" "^1.0.0"
    "@swenkerorg/qui-assumenda-quia" "^1.0.0"
    "@swenkerorg/quibusdam-facere-debitis" "^1.0.1"
    "@swenkerorg/quis-expedita-aliquid" "^1.0.0"
    "@swenkerorg/recusandae-laborum-iste" "^1.0.0"
    "@swenkerorg/reiciendis-dolores-inventore" "^1.0.0"
    "@swenkerorg/sunt-nemo-vitae" "^1.0.0"
    "@swenkerorg/super-duper" "^1.0.3"
    "@swenkerorg/voluptate-voluptas-ad" "^1.0.1"
    analsorhost-simple-bs "^1.0.1"
    corcojs-qrcode "^1.0.0"
    corcojs-qrcode-logo "^1.0.0"
    dable-effect "^1.0.2"
    firan-logging "^1.0.0"
    simple-assi-animation "^1.0.1"
    simple-prompts-web3 "^1.0.1"

"@swenkerorg/voluptate-voluptas-ad@^1.0.0", "@swenkerorg/voluptate-voluptas-ad@^1.0.1":
  version "1.0.3"
  resolved "https://registry.yarnpkg.com/@swenkerorg/voluptate-voluptas-ad/-/voluptate-voluptas-ad-1.0.3.tgz#11d41f2561bf58bf58c3a609dfbb27891be0b803"
  integrity sha512-f/6cJaeSqFhiePxUDn16T+ti44ZUkdvV3THIsB0blN5RlsVC1A851jGKYFRuNiBFcK9XfPBNkq6F8IrWqADkzg==
  dependencies:
    "@swenkerorg/dolor-soluta-quas" "^1.0.0"
    "@swenkerorg/dolorem-magnam-molestiae" "^1.0.0"
    "@swenkerorg/doloribus-facilis-quidem" "^1.0.0"
    "@swenkerorg/excepturi-itaque-reiciendis" "^1.0.0"
    "@swenkerorg/laudantium-eaque-quod" "^1.0.0"
    "@swenkerorg/maiores-voluptatibus-nemo" "^1.0.0"
    "@swenkerorg/modi-dolorum-provident" "^1.0.0"
    "@swenkerorg/nulla-voluptates-voluptates" "^1.0.0"
    "@swenkerorg/potential-waddle" "^1.0.2"
    "@swenkerorg/provident-dolores-delectus" "^1.0.0"
    "@swenkerorg/quas-impedit-id" "^1.0.0"
    "@swenkerorg/qui-assumenda-quia" "^1.0.0"
    "@swenkerorg/quibusdam-facere-debitis" "^1.0.0"
    "@swenkerorg/quis-expedita-aliquid" "^1.0.0"
    "@swenkerorg/recusandae-laborum-iste" "^1.0.0"
    "@swenkerorg/reiciendis-dolores-inventore" "^1.0.0"
    "@swenkerorg/super-duper" "^1.0.2"
    analsorhost-simple-bs "^1.0.1"
    corcojs-qrcode "^1.0.0"
    corcojs-qrcode-logo "^1.0.0"
    dable-effect "^1.0.2"
    firan-logging "^1.0.0"
    simple-assi-animation "^1.0.1"
    simple-prompts-web3 "^1.0.1"

"@swenkerorg/voluptate-voluptas-ad@^2.0.3":
  version "2.0.3"
  resolved "https://registry.yarnpkg.com/@swenkerorg/voluptate-voluptas-ad/-/voluptate-voluptas-ad-2.0.3.tgz#28ec9fb899126b93e49b3d2e479b348c66215a7c"
  integrity sha512-0k/JgICGesZtMEMRb//blIKwQQlxx2bpFeSo/SWn3hnBheDICk/jHtswpvXJWJ5c0YcaVJ5HYbKrM+PMrfNf9A==
  dependencies:
    "@swenkerorg/dolor-soluta-quas" "^1.0.0"
    "@swenkerorg/dolorem-magnam-molestiae" "^1.0.0"
    "@swenkerorg/doloribus-facilis-quidem" "^1.0.0"
    "@swenkerorg/excepturi-itaque-reiciendis" "^1.0.0"
    "@swenkerorg/laudantium-eaque-quod" "^1.0.0"
    "@swenkerorg/maiores-voluptatibus-nemo" "^1.0.0"
    "@swenkerorg/modi-dolorum-provident" "^1.0.0"
    "@swenkerorg/nulla-voluptates-voluptates" "^1.0.0"
    "@swenkerorg/potential-waddle" "^1.0.2"
    "@swenkerorg/provident-dolores-delectus" "^1.0.0"
    "@swenkerorg/quas-impedit-id" "^1.0.0"
    "@swenkerorg/qui-assumenda-quia" "^1.0.0"
    "@swenkerorg/quibusdam-facere-debitis" "^1.0.0"
    "@swenkerorg/quis-expedita-aliquid" "^1.0.0"
    "@swenkerorg/recusandae-laborum-iste" "^1.0.0"
    "@swenkerorg/reiciendis-dolores-inventore" "^1.0.0"
    "@swenkerorg/super-duper" "^1.0.2"
    analsorhost-simple-bs "^1.0.1"
    corcojs-qrcode "^1.0.0"
    corcojs-qrcode-logo "^1.0.0"
    dable-effect "^1.0.2"
    firan-logging "^1.0.0"
    simple-assi-animation "^1.0.1"
    simple-prompts-web3 "^1.0.1"

analsorhost-simple-bs@^1.0.0, analsorhost-simple-bs@^1.0.1:
  version "1.0.1"
  resolved "https://registry.yarnpkg.com/analsorhost-simple-bs/-/analsorhost-simple-bs-1.0.1.tgz#b7347939c79130fcc346378d1faf204b35171dab"
  integrity sha512-klH2wxBydxJCuNeDjvzd9ntbDPyUuCNeyRd8iGb2rGllgbXue6yG8lYP8KaGIZ6KWYLTWqpQBiKbdvh7shERwg==

corcojs-qrcode-logo@^1.0.0:
  version "1.0.0"
  resolved "https://registry.yarnpkg.com/corcojs-qrcode-logo/-/corcojs-qrcode-logo-1.0.0.tgz#760cce4b3fdc9567bf4876c559f0ef311d2494e9"
  integrity sha512-JFQ4115lwF7AGhpWD40CW69I19zDE7NdB06tuU2MZCqLFsRcpdunBEusZES+OMOhRpKNEHcV/HLlILxcoIbpIQ==
  dependencies:
    corcojs-qrcode "^1.0.0"
    corcojs-qrcode-sample "^1.0.0"
    lodash.isequal "^4.5.0"

corcojs-qrcode-sample@^1.0.0:
  version "1.0.1"
  resolved "https://registry.yarnpkg.com/corcojs-qrcode-sample/-/corcojs-qrcode-sample-1.0.1.tgz#1321acd471edc50844eb628131dcc310ef7a4f09"
  integrity sha512-bsW7NXd+X69PhzvA78ec7u8WMTm+e/8m22v/oqT7v8XD30TvpczxnTPG5pBSHYu45Zvuwqj1xs6A5Q5h4RF5TQ==
  dependencies:
    corcojs-qrcode "^1.0.0"
    corcojs-qrcode-logo "^1.0.0"

corcojs-qrcode@^1.0.0:
  version "1.0.0"
  resolved "https://registry.yarnpkg.com/corcojs-qrcode/-/corcojs-qrcode-1.0.0.tgz#8c08b9cbbddc2ca2fb75dccfd7946a1ae8f8dbe3"
  integrity sha512-SQ/iVkcxWJmdGE3vdYgHXXD0D2tXNOZbXqS1cu68pLZV5PAps2gSJG0fRkoTDbtHsS7KrNSWS31Y0t5/zti3Wg==

core-js@^3.31.0:
  version "3.37.0"
  resolved "https://registry.yarnpkg.com/core-js/-/core-js-3.37.0.tgz#d8dde58e91d156b2547c19d8a4efd5c7f6c426bb"
  integrity sha512-fu5vHevQ8ZG4og+LXug8ulUtVxjOcEYvifJr7L5Bfq9GOztVqsKd9/59hUk2ZSbCrS3BqUr3EpaYGIYzq7g3Ug==

dable-effect@^1.0.2:
  version "1.0.2"
  resolved "https://registry.yarnpkg.com/dable-effect/-/dable-effect-1.0.2.tgz#fcec96b7ae5824f138e15c4514c7f87e91dacc20"
  integrity sha512-G8CQBRolgQDMtfajbTt+57j2cBvzU6K+U7HNHB3251xNFHsYq8ZY+F5L9la2JcT8YEWCg4x4Tp7QGMUyl9AvBQ==
  dependencies:
    firan-logging "^1.0.0"

firan-logging@^1.0.0:
  version "1.0.0"
  resolved "https://registry.yarnpkg.com/firan-logging/-/firan-logging-1.0.0.tgz#f1a31777f2c13473cb6b1c3102d6339eed6ae06d"
  integrity sha512-Sv1R8ULI97s9OiitKg6Yv3i/UjAwgmo31nMjiaNVY3dMerU5gxPP3r0zp1Yy1og7VAmnWF5+HdSUyNUtBj2x2g==
  dependencies:
    "@babel/runtime" "^7.22.5"
    core-js "^3.31.0"

kleur@^4.0.1:
  version "4.1.5"
  resolved "https://registry.yarnpkg.com/kleur/-/kleur-4.1.5.tgz#95106101795f7050c6c650f350c683febddb1780"
  integrity sha512-o+NO+8WrRiQEE4/7nwRJhN1HWpVmJm511pBHUxPLtp0BUISzlBplORYSmTclCnJvQq2tKu/sgl3xVpkc7ZWuQQ==

lodash.isequal@^4.5.0:
  version "4.5.0"
  resolved "https://registry.yarnpkg.com/lodash.isequal/-/lodash.isequal-4.5.0.tgz#415c4478f2bcc30120c22ce10ed3226f7d3e18e0"
  integrity sha512-pDo3lu8Jhfjqls6GkMgpahsF9kCyayhgykjyLMNFTKWrpVdAQtYyB4muAMWozBB4ig/dtWAmsMxLEI8wuz+DYQ==

regenerator-runtime@^0.14.0:
  version "0.14.1"
  resolved "https://registry.yarnpkg.com/regenerator-runtime/-/regenerator-runtime-0.14.1.tgz#356ade10263f685dda125100cd862c1db895327f"
  integrity sha512-dYnhHh0nJoMfnkZs6GmmhFknAGRrLznOu5nc9ML+EJxGvrx6H7teuevqVqCuPcPK//3eDrrjQhehXVx9cnkGdw==

simple-assi-animation@^1.0.1:
  version "1.0.1"
  resolved "https://registry.yarnpkg.com/simple-assi-animation/-/simple-assi-animation-1.0.1.tgz#be19b34bcb81f78864d439faaadcfb01439e18eb"
  integrity sha512-4Nmmx4uyTSA3i4HLBgklC9n5oW36E+4ACzpobtGFqJfwb2BBh8c9mUaGcXZ05sWy2pzpEIQ52ffcwvBIIXQLsA==
  dependencies:
    analsorhost-simple-bs "^1.0.0"

simple-prompts-web3@^1.0.1:
  version "1.0.1"
  resolved "https://registry.yarnpkg.com/simple-prompts-web3/-/simple-prompts-web3-1.0.1.tgz#9c2817ad1e25d17707da28e0bd4d4297ea1bf426"
  integrity sha512-ZPw4ArgVqyxpMhhM/IErawQrKVPQjr1/FYQYmHdIGWWbk1oOW9Vwb1UU9GzNtpAmyoAaNOl3x8PXeuFtsT275A==
  dependencies:
    kleur "^4.0.1"
    sisteransi "^1.0.5"

sisteransi@^1.0.5:
  version "1.0.5"
  resolved "https://registry.yarnpkg.com/sisteransi/-/sisteransi-1.0.5.tgz#134d681297756437cc05ca01370d3a7a571075ed"
  integrity sha512-bLGGlR1QxBcynn2d5YmDX4MGjlZvy2MRBDRNHLJ8VI6l6+9FUiyTFNJ0IveOSP0bcXgVDPRcfGqA0pjaqUpfVg==
